
Microsoft Visual Studio Solution File, Format Version 12.00
Project("{FAE04EC0-301F-11D3-BF4B-00C04F79EFBC}") = "BIBLIOTEK", "BIBLIOTEK\BIBLIOTEK.csproj", "{78B2FFBB-5AAA-4C81-A76F-680AD5C1FF82}"
EndProject
Project("{FAE04EC0-301F-11D3-BF4B-00C04F79EFBC}") = "BIBLIOTEK.TEST", "BIBLIOTEK.TEST\BIBLIOTEK.TEST.csproj", "{1BC17EB3-04CE-48D5-9603-EF4807FAF0D8}"
EndProject
Global
	GlobalSection(SolutionConfigurationPlatforms) = preSolution
		Debug|Any CPU = Debug|Any CPU
		Release|Any CPU = Release|Any CPU
	EndGlobalSection
	GlobalSection(ProjectConfigurationPlatforms) = postSolution
		{78B2FFBB-5AAA-4C81-A76F-680AD5C1FF82}.Debug|Any CPU.ActiveCfg = Debug|Any CPU
		{78B2FFBB-5AAA-4C81-A76F-680AD5C1FF82}.Debug|Any CPU.Build.0 = Debug|Any CPU
		{78B2FFBB-5AAA-4C81-A76F-680AD5C1FF82}.Release|Any CPU.ActiveCfg = Release|Any CPU
		{78B2FFBB-5AAA-4C81-A76F-680AD5C1FF82}.Release|Any CPU.Build.0 = Release|Any CPU
		{1BC17EB3-04CE-48D5-9603-EF4807FAF0D8}.Debug|Any CPU.ActiveCfg = Debug|Any CPU
		{1BC17EB3-04CE-48D5-9603-EF4807FAF0D8}.Debug|Any CPU.Build.0 = Debug|Any CPU
		{1BC17EB3-04CE-48D5-9603-EF4807FAF0D8}.Release|Any CPU.ActiveCfg = Release|Any CPU
		{1BC17EB3-04CE-48D5-9603-EF4807FAF0D8}.Release|Any CPU.Build.0 = Release|Any CPU
	EndGlobalSection
EndGlobal
