
Microsoft Visual Studio Solution File, Format Version 12.00
Project("{FAE04EC0-301F-11D3-BF4B-00C04F79EFBC}") = "BIBLIOTEK", "BIBLIOTEK\BIBLIOTEK.csproj", "{78B2FFBB-5AAA-4C81-A76F-680AD5C1FF82}"
EndProject
Project("{FAE04EC0-301F-11D3-BF4B-00C04F79EFBC}") = "BIBLIOTEK.TEST", "BIBLIOTEK.TEST\BIBLIOTEK.TEST.csproj", "{1BC17EB3-04CE-48D5-9603-EF4807FAF0D8}"
EndProject
Project("{FAE04EC0-301F-11D3-BF4B-00C04F79EFBC}") = "BIBLIOTEK.Core", "BIBLIOTEK.Core\BIBLIOTEK.Core.csproj", "{CBC022A5-5662-4FFE-8967-6B301CA738B8}"
EndProject
Project("{FAE04EC0-301F-11D3-BF4B-00C04F79EFBC}") = "BIBLIOTEK.Data", "BIBLIOTEK.Data\BIBLIOTEK.Data.csproj", "{602021EB-EDFF-46F5-A006-5B3636C3938A}"
EndProject
Project("{FAE04EC0-301F-11D3-BF4B-00C04F79EFBC}") = "BIBLIOTEK.Web", "BIBLIOTEK.Web\BIBLIOTEK.Web.csproj", "{DF2E455B-8D59-4293-A258-253DD0645217}"
EndProject
Global
	GlobalSection(SolutionConfigurationPlatforms) = preSolution
		Debug|Any CPU = Debug|Any CPU
		Debug|x64 = Debug|x64
		Debug|x86 = Debug|x86
		Release|Any CPU = Release|Any CPU
		Release|x64 = Release|x64
		Release|x86 = Release|x86
	EndGlobalSection
	GlobalSection(ProjectConfigurationPlatforms) = postSolution
		{78B2FFBB-5AAA-4C81-A76F-680AD5C1FF82}.Debug|Any CPU.ActiveCfg = Debug|Any CPU
		{78B2FFBB-5AAA-4C81-A76F-680AD5C1FF82}.Debug|Any CPU.Build.0 = Debug|Any CPU
		{78B2FFBB-5AAA-4C81-A76F-680AD5C1FF82}.Debug|x64.ActiveCfg = Debug|Any CPU
		{78B2FFBB-5AAA-4C81-A76F-680AD5C1FF82}.Debug|x64.Build.0 = Debug|Any CPU
		{78B2FFBB-5AAA-4C81-A76F-680AD5C1FF82}.Debug|x86.ActiveCfg = Debug|Any CPU
		{78B2FFBB-5AAA-4C81-A76F-680AD5C1FF82}.Debug|x86.Build.0 = Debug|Any CPU
		{78B2FFBB-5AAA-4C81-A76F-680AD5C1FF82}.Release|Any CPU.ActiveCfg = Release|Any CPU
		{78B2FFBB-5AAA-4C81-A76F-680AD5C1FF82}.Release|Any CPU.Build.0 = Release|Any CPU
		{78B2FFBB-5AAA-4C81-A76F-680AD5C1FF82}.Release|x64.ActiveCfg = Release|Any CPU
		{78B2FFBB-5AAA-4C81-A76F-680AD5C1FF82}.Release|x64.Build.0 = Release|Any CPU
		{78B2FFBB-5AAA-4C81-A76F-680AD5C1FF82}.Release|x86.ActiveCfg = Release|Any CPU
		{78B2FFBB-5AAA-4C81-A76F-680AD5C1FF82}.Release|x86.Build.0 = Release|Any CPU
		{1BC17EB3-04CE-48D5-9603-EF4807FAF0D8}.Debug|Any CPU.ActiveCfg = Debug|Any CPU
		{1BC17EB3-04CE-48D5-9603-EF4807FAF0D8}.Debug|Any CPU.Build.0 = Debug|Any CPU
		{1BC17EB3-04CE-48D5-9603-EF4807FAF0D8}.Debug|x64.ActiveCfg = Debug|Any CPU
		{1BC17EB3-04CE-48D5-9603-EF4807FAF0D8}.Debug|x64.Build.0 = Debug|Any CPU
		{1BC17EB3-04CE-48D5-9603-EF4807FAF0D8}.Debug|x86.ActiveCfg = Debug|Any CPU
		{1BC17EB3-04CE-48D5-9603-EF4807FAF0D8}.Debug|x86.Build.0 = Debug|Any CPU
		{1BC17EB3-04CE-48D5-9603-EF4807FAF0D8}.Release|Any CPU.ActiveCfg = Release|Any CPU
		{1BC17EB3-04CE-48D5-9603-EF4807FAF0D8}.Release|Any CPU.Build.0 = Release|Any CPU
		{1BC17EB3-04CE-48D5-9603-EF4807FAF0D8}.Release|x64.ActiveCfg = Release|Any CPU
		{1BC17EB3-04CE-48D5-9603-EF4807FAF0D8}.Release|x64.Build.0 = Release|Any CPU
		{1BC17EB3-04CE-48D5-9603-EF4807FAF0D8}.Release|x86.ActiveCfg = Release|Any CPU
		{1BC17EB3-04CE-48D5-9603-EF4807FAF0D8}.Release|x86.Build.0 = Release|Any CPU
		{CBC022A5-5662-4FFE-8967-6B301CA738B8}.Debug|Any CPU.ActiveCfg = Debug|Any CPU
		{CBC022A5-5662-4FFE-8967-6B301CA738B8}.Debug|Any CPU.Build.0 = Debug|Any CPU
		{CBC022A5-5662-4FFE-8967-6B301CA738B8}.Debug|x64.ActiveCfg = Debug|Any CPU
		{CBC022A5-5662-4FFE-8967-6B301CA738B8}.Debug|x64.Build.0 = Debug|Any CPU
		{CBC022A5-5662-4FFE-8967-6B301CA738B8}.Debug|x86.ActiveCfg = Debug|Any CPU
		{CBC022A5-5662-4FFE-8967-6B301CA738B8}.Debug|x86.Build.0 = Debug|Any CPU
		{CBC022A5-5662-4FFE-8967-6B301CA738B8}.Release|Any CPU.ActiveCfg = Release|Any CPU
		{CBC022A5-5662-4FFE-8967-6B301CA738B8}.Release|Any CPU.Build.0 = Release|Any CPU
		{CBC022A5-5662-4FFE-8967-6B301CA738B8}.Release|x64.ActiveCfg = Release|Any CPU
		{CBC022A5-5662-4FFE-8967-6B301CA738B8}.Release|x64.Build.0 = Release|Any CPU
		{CBC022A5-5662-4FFE-8967-6B301CA738B8}.Release|x86.ActiveCfg = Release|Any CPU
		{CBC022A5-5662-4FFE-8967-6B301CA738B8}.Release|x86.Build.0 = Release|Any CPU
		{602021EB-EDFF-46F5-A006-5B3636C3938A}.Debug|Any CPU.ActiveCfg = Debug|Any CPU
		{602021EB-EDFF-46F5-A006-5B3636C3938A}.Debug|Any CPU.Build.0 = Debug|Any CPU
		{602021EB-EDFF-46F5-A006-5B3636C3938A}.Debug|x64.ActiveCfg = Debug|Any CPU
		{602021EB-EDFF-46F5-A006-5B3636C3938A}.Debug|x64.Build.0 = Debug|Any CPU
		{602021EB-EDFF-46F5-A006-5B3636C3938A}.Debug|x86.ActiveCfg = Debug|Any CPU
		{602021EB-EDFF-46F5-A006-5B3636C3938A}.Debug|x86.Build.0 = Debug|Any CPU
		{602021EB-EDFF-46F5-A006-5B3636C3938A}.Release|Any CPU.ActiveCfg = Release|Any CPU
		{602021EB-EDFF-46F5-A006-5B3636C3938A}.Release|Any CPU.Build.0 = Release|Any CPU
		{602021EB-EDFF-46F5-A006-5B3636C3938A}.Release|x64.ActiveCfg = Release|Any CPU
		{602021EB-EDFF-46F5-A006-5B3636C3938A}.Release|x64.Build.0 = Release|Any CPU
		{602021EB-EDFF-46F5-A006-5B3636C3938A}.Release|x86.ActiveCfg = Release|Any CPU
		{602021EB-EDFF-46F5-A006-5B3636C3938A}.Release|x86.Build.0 = Release|Any CPU
		{DF2E455B-8D59-4293-A258-253DD0645217}.Debug|Any CPU.ActiveCfg = Debug|Any CPU
		{DF2E455B-8D59-4293-A258-253DD0645217}.Debug|Any CPU.Build.0 = Debug|Any CPU
		{DF2E455B-8D59-4293-A258-253DD0645217}.Debug|x64.ActiveCfg = Debug|Any CPU
		{DF2E455B-8D59-4293-A258-253DD0645217}.Debug|x64.Build.0 = Debug|Any CPU
		{DF2E455B-8D59-4293-A258-253DD0645217}.Debug|x86.ActiveCfg = Debug|Any CPU
		{DF2E455B-8D59-4293-A258-253DD0645217}.Debug|x86.Build.0 = Debug|Any CPU
		{DF2E455B-8D59-4293-A258-253DD0645217}.Release|Any CPU.ActiveCfg = Release|Any CPU
		{DF2E455B-8D59-4293-A258-253DD0645217}.Release|Any CPU.Build.0 = Release|Any CPU
		{DF2E455B-8D59-4293-A258-253DD0645217}.Release|x64.ActiveCfg = Release|Any CPU
		{DF2E455B-8D59-4293-A258-253DD0645217}.Release|x64.Build.0 = Release|Any CPU
		{DF2E455B-8D59-4293-A258-253DD0645217}.Release|x86.ActiveCfg = Release|Any CPU
		{DF2E455B-8D59-4293-A258-253DD0645217}.Release|x86.Build.0 = Release|Any CPU
	EndGlobalSection
	GlobalSection(SolutionProperties) = preSolution
		HideSolutionNode = FALSE
	EndGlobalSection
EndGlobal
